// !$*UTF8*$!
{
	archiveVersion = 1;
	classes = {
	};
	objectVersion = 46;
	objects = {

/* Begin PBXBuildFile section */
		7A50C68D1EE87F8400985EEB /* CardDealViewController.swift in Sources */ = {isa = PBXBuildFile; fileRef = 7A1E43C41EE87BD90092C132 /* CardDealViewController.swift */; };
		7A50C68E1EE87F8700985EEB /* CardDealManager.swift in Sources */ = {isa = PBXBuildFile; fileRef = 7A1E43C51EE87BDC0092C132 /* CardDealManager.swift */; };
		7A50C68F1EE87F8900985EEB /* PeerTableViewController.swift in Sources */ = {isa = PBXBuildFile; fileRef = 7A1E43C21EE87BC80092C132 /* PeerTableViewController.swift */; };
		7A50C6901EE87F8B00985EEB /* PlayerManager.swift in Sources */ = {isa = PBXBuildFile; fileRef = 7A1E43C11EE87BBA0092C132 /* PlayerManager.swift */; };
		7A50C6921EE87F9000985EEB /* HomeViewController.swift in Sources */ = {isa = PBXBuildFile; fileRef = 7A1E43C31EE87BCB0092C132 /* HomeViewController.swift */; };
		7A99D1CB1EE683EF005988DD /* AppDelegate.swift in Sources */ = {isa = PBXBuildFile; fileRef = 7A99D1CA1EE683EF005988DD /* AppDelegate.swift */; };
		7A99D1D01EE683EF005988DD /* Main.storyboard in Resources */ = {isa = PBXBuildFile; fileRef = 7A99D1CE1EE683EF005988DD /* Main.storyboard */; };
		7A99D1D21EE683EF005988DD /* Assets.xcassets in Resources */ = {isa = PBXBuildFile; fileRef = 7A99D1D11EE683EF005988DD /* Assets.xcassets */; };
		7A99D1D51EE683EF005988DD /* LaunchScreen.storyboard in Resources */ = {isa = PBXBuildFile; fileRef = 7A99D1D31EE683EF005988DD /* LaunchScreen.storyboard */; };
/* End PBXBuildFile section */

/* Begin PBXFileReference section */
		7A1E43C11EE87BBA0092C132 /* PlayerManager.swift */ = {isa = PBXFileReference; lastKnownFileType = sourcecode.swift; path = PlayerManager.swift; sourceTree = "<group>"; };
		7A1E43C21EE87BC80092C132 /* PeerTableViewController.swift */ = {isa = PBXFileReference; lastKnownFileType = sourcecode.swift; path = PeerTableViewController.swift; sourceTree = "<group>"; };
		7A1E43C31EE87BCB0092C132 /* HomeViewController.swift */ = {isa = PBXFileReference; lastKnownFileType = sourcecode.swift; name = HomeViewController.swift; path = Coup/HomeViewController.swift; sourceTree = SOURCE_ROOT; };
		7A1E43C41EE87BD90092C132 /* CardDealViewController.swift */ = {isa = PBXFileReference; lastKnownFileType = sourcecode.swift; path = CardDealViewController.swift; sourceTree = "<group>"; };
		7A1E43C51EE87BDC0092C132 /* CardDealManager.swift */ = {isa = PBXFileReference; lastKnownFileType = sourcecode.swift; path = CardDealManager.swift; sourceTree = "<group>"; };
		7A99D1C71EE683EF005988DD /* Coup.app */ = {isa = PBXFileReference; explicitFileType = wrapper.application; includeInIndex = 0; path = Coup.app; sourceTree = BUILT_PRODUCTS_DIR; };
		7A99D1CA1EE683EF005988DD /* AppDelegate.swift */ = {isa = PBXFileReference; lastKnownFileType = sourcecode.swift; path = AppDelegate.swift; sourceTree = "<group>"; };
		7A99D1CF1EE683EF005988DD /* Base */ = {isa = PBXFileReference; lastKnownFileType = file.storyboard; name = Base; path = Base.lproj/Main.storyboard; sourceTree = "<group>"; };
		7A99D1D11EE683EF005988DD /* Assets.xcassets */ = {isa = PBXFileReference; lastKnownFileType = folder.assetcatalog; path = Assets.xcassets; sourceTree = "<group>"; };
		7A99D1D41EE683EF005988DD /* Base */ = {isa = PBXFileReference; lastKnownFileType = file.storyboard; name = Base; path = Base.lproj/LaunchScreen.storyboard; sourceTree = "<group>"; };
		7A99D1D61EE683EF005988DD /* Info.plist */ = {isa = PBXFileReference; lastKnownFileType = text.plist.xml; path = Info.plist; sourceTree = "<group>"; };
/* End PBXFileReference section */

/* Begin PBXFrameworksBuildPhase section */
		7A99D1C41EE683EF005988DD /* Frameworks */ = {
			isa = PBXFrameworksBuildPhase;
			buildActionMask = 2147483647;
			files = (
			);
			runOnlyForDeploymentPostprocessing = 0;
		};
/* End PBXFrameworksBuildPhase section */

/* Begin PBXGroup section */
		7A1E43B71EE876420092C132 /* Home */ = {
			isa = PBXGroup;
			children = (
				7A1E43B81EE876720092C132 /* ViewControllers */,
			);
			name = Home;
			sourceTree = "<group>";
		};
		7A1E43B81EE876720092C132 /* ViewControllers */ = {
			isa = PBXGroup;
			children = (
				7A1E43C31EE87BCB0092C132 /* HomeViewController.swift */,
			);
			name = ViewControllers;
			sourceTree = "<group>";
		};
		7A74F8501EE72A7F00992127 /* Connection */ = {
			isa = PBXGroup;
			children = (
				7A1E43C11EE87BBA0092C132 /* PlayerManager.swift */,
				7A74F8511EE72AA100992127 /* ViewControllers */,
			);
			name = Connection;
			sourceTree = "<group>";
		};
		7A74F8511EE72AA100992127 /* ViewControllers */ = {
			isa = PBXGroup;
			children = (
				7A1E43C21EE87BC80092C132 /* PeerTableViewController.swift */,
			);
			name = ViewControllers;
			sourceTree = "<group>";
		};
		7A74F8561EE73B4C00992127 /* Game */ = {
			isa = PBXGroup;
			children = (
				7A1E43C51EE87BDC0092C132 /* CardDealManager.swift */,
				7A74F8571EE73B6000992127 /* ViewControllers */,
			);
			name = Game;
			sourceTree = "<group>";
		};
		7A74F8571EE73B6000992127 /* ViewControllers */ = {
			isa = PBXGroup;
			children = (
				7A1E43C41EE87BD90092C132 /* CardDealViewController.swift */,
			);
			name = ViewControllers;
			sourceTree = "<group>";
		};
		7A99D1BE1EE683EF005988DD = {
			isa = PBXGroup;
			children = (
				7A99D1C91EE683EF005988DD /* Coup */,
				7A99D1C81EE683EF005988DD /* Products */,
			);
			sourceTree = "<group>";
		};
		7A99D1C81EE683EF005988DD /* Products */ = {
			isa = PBXGroup;
			children = (
				7A99D1C71EE683EF005988DD /* Coup.app */,
			);
			name = Products;
			sourceTree = "<group>";
		};
		7A99D1C91EE683EF005988DD /* Coup */ = {
			isa = PBXGroup;
			children = (
				7A1E43B71EE876420092C132 /* Home */,
				7A74F8501EE72A7F00992127 /* Connection */,
				7A74F8561EE73B4C00992127 /* Game */,
				7A99D1CA1EE683EF005988DD /* AppDelegate.swift */,
				7A99D1CE1EE683EF005988DD /* Main.storyboard */,
				7A99D1D11EE683EF005988DD /* Assets.xcassets */,
				7A99D1D31EE683EF005988DD /* LaunchScreen.storyboard */,
				7A99D1D61EE683EF005988DD /* Info.plist */,
			);
			path = Coup;
			sourceTree = "<group>";
		};
/* End PBXGroup section */

/* Begin PBXNativeTarget section */
		7A99D1C61EE683EF005988DD /* Coup */ = {
			isa = PBXNativeTarget;
			buildConfigurationList = 7A99D1D91EE683EF005988DD /* Build configuration list for PBXNativeTarget "Coup" */;
			buildPhases = (
				7A99D1C31EE683EF005988DD /* Sources */,
				7A99D1C41EE683EF005988DD /* Frameworks */,
				7A99D1C51EE683EF005988DD /* Resources */,
			);
			buildRules = (
			);
			dependencies = (
			);
			name = Coup;
			productName = Coup;
			productReference = 7A99D1C71EE683EF005988DD /* Coup.app */;
			productType = "com.apple.product-type.application";
		};
/* End PBXNativeTarget section */

/* Begin PBXProject section */
		7A99D1BF1EE683EF005988DD /* Project object */ = {
			isa = PBXProject;
			attributes = {
				LastSwiftUpdateCheck = 0820;
				LastUpgradeCheck = 0900;
				ORGANIZATIONNAME = jackson;
				TargetAttributes = {
					7A99D1C61EE683EF005988DD = {
						CreatedOnToolsVersion = 8.2.1;
						DevelopmentTeam = GE52T476WJ;
						LastSwiftMigration = 0900;
						ProvisioningStyle = Automatic;
					};
				};
			};
			buildConfigurationList = 7A99D1C21EE683EF005988DD /* Build configuration list for PBXProject "Coup" */;
			compatibilityVersion = "Xcode 3.2";
			developmentRegion = English;
			hasScannedForEncodings = 0;
			knownRegions = (
				en,
				Base,
			);
			mainGroup = 7A99D1BE1EE683EF005988DD;
			productRefGroup = 7A99D1C81EE683EF005988DD /* Products */;
			projectDirPath = "";
			projectRoot = "";
			targets = (
				7A99D1C61EE683EF005988DD /* Coup */,
			);
		};
/* End PBXProject section */

/* Begin PBXResourcesBuildPhase section */
		7A99D1C51EE683EF005988DD /* Resources */ = {
			isa = PBXResourcesBuildPhase;
			buildActionMask = 2147483647;
			files = (
				7A99D1D51EE683EF005988DD /* LaunchScreen.storyboard in Resources */,
				7A99D1D21EE683EF005988DD /* Assets.xcassets in Resources */,
				7A99D1D01EE683EF005988DD /* Main.storyboard in Resources */,
			);
			runOnlyForDeploymentPostprocessing = 0;
		};
/* End PBXResourcesBuildPhase section */

/* Begin PBXSourcesBuildPhase section */
		7A99D1C31EE683EF005988DD /* Sources */ = {
			isa = PBXSourcesBuildPhase;
			buildActionMask = 2147483647;
			files = (
				7A50C68D1EE87F8400985EEB /* CardDealViewController.swift in Sources */,
				7A50C68F1EE87F8900985EEB /* PeerTableViewController.swift in Sources */,
				7A50C6901EE87F8B00985EEB /* PlayerManager.swift in Sources */,
				7A99D1CB1EE683EF005988DD /* AppDelegate.swift in Sources */,
				7A50C6921EE87F9000985EEB /* HomeViewController.swift in Sources */,
				7A50C68E1EE87F8700985EEB /* CardDealManager.swift in Sources */,
			);
			runOnlyForDeploymentPostprocessing = 0;
		};
/* End PBXSourcesBuildPhase section */

/* Begin PBXVariantGroup section */
		7A99D1CE1EE683EF005988DD /* Main.storyboard */ = {
			isa = PBXVariantGroup;
			children = (
				7A99D1CF1EE683EF005988DD /* Base */,
			);
			name = Main.storyboard;
			sourceTree = "<group>";
		};
		7A99D1D31EE683EF005988DD /* LaunchScreen.storyboard */ = {
			isa = PBXVariantGroup;
			children = (
				7A99D1D41EE683EF005988DD /* Base */,
			);
			name = LaunchScreen.storyboard;
			sourceTree = "<group>";
		};
/* End PBXVariantGroup section */

/* Begin XCBuildConfiguration section */
		7A99D1D71EE683EF005988DD /* Debug */ = {
			isa = XCBuildConfiguration;
			buildSettings = {
				ALWAYS_SEARCH_USER_PATHS = NO;
				CLANG_ANALYZER_NONNULL = YES;
				CLANG_CXX_LANGUAGE_STANDARD = "gnu++0x";
				CLANG_CXX_LIBRARY = "libc++";
				CLANG_ENABLE_MODULES = YES;
				CLANG_ENABLE_OBJC_ARC = YES;
				CLANG_WARN_BLOCK_CAPTURE_AUTORELEASING = YES;
				CLANG_WARN_BOOL_CONVERSION = YES;
				CLANG_WARN_COMMA = YES;
				CLANG_WARN_CONSTANT_CONVERSION = YES;
				CLANG_WARN_DIRECT_OBJC_ISA_USAGE = YES_ERROR;
				CLANG_WARN_DOCUMENTATION_COMMENTS = YES;
				CLANG_WARN_EMPTY_BODY = YES;
				CLANG_WARN_ENUM_CONVERSION = YES;
				CLANG_WARN_INFINITE_RECURSION = YES;
				CLANG_WARN_INT_CONVERSION = YES;
				CLANG_WARN_NON_LITERAL_NULL_CONVERSION = YES;
				CLANG_WARN_OBJC_LITERAL_CONVERSION = YES;
				CLANG_WARN_OBJC_ROOT_CLASS = YES_ERROR;
				CLANG_WARN_RANGE_LOOP_ANALYSIS = YES;
				CLANG_WARN_STRICT_PROTOTYPES = YES;
				CLANG_WARN_SUSPICIOUS_MOVE = YES;
				CLANG_WARN_UNREACHABLE_CODE = YES;
				CLANG_WARN__DUPLICATE_METHOD_MATCH = YES;
				"CODE_SIGN_IDENTITY[sdk=iphoneos*]" = "iPhone Developer";
				COPY_PHASE_STRIP = NO;
				DEBUG_INFORMATION_FORMAT = dwarf;
				ENABLE_STRICT_OBJC_MSGSEND = YES;
				ENABLE_TESTABILITY = YES;
				GCC_C_LANGUAGE_STANDARD = gnu99;
				GCC_DYNAMIC_NO_PIC = NO;
				GCC_NO_COMMON_BLOCKS = YES;
				GCC_OPTIMIZATION_LEVEL = 0;
				GCC_PREPROCESSOR_DEFINITIONS = (
					"DEBUG=1",
					"$(inherited)",
				);
				GCC_WARN_64_TO_32_BIT_CONVERSION = YES;
				GCC_WARN_ABOUT_RETURN_TYPE = YES_ERROR;
				GCC_WARN_UNDECLARED_SELECTOR = YES;
				GCC_WARN_UNINITIALIZED_AUTOS = YES_AGGRESSIVE;
				GCC_WARN_UNUSED_FUNCTION = YES;
				GCC_WARN_UNUSED_VARIABLE = YES;
				IPHONEOS_DEPLOYMENT_TARGET = 10.2;
				MTL_ENABLE_DEBUG_INFO = YES;
				ONLY_ACTIVE_ARCH = YES;
				SDKROOT = iphoneos;
				SWIFT_ACTIVE_COMPILATION_CONDITIONS = DEBUG;
				SWIFT_OPTIMIZATION_LEVEL = "-Onone";
				TARGETED_DEVICE_FAMILY = "1,2";
			};
			name = Debug;
		};
		7A99D1D81EE683EF005988DD /* Release */ = {
			isa = XCBuildConfiguration;
			buildSettings = {
				ALWAYS_SEARCH_USER_PATHS = NO;
				CLANG_ANALYZER_NONNULL = YES;
				CLANG_CXX_LANGUAGE_STANDARD = "gnu++0x";
				CLANG_CXX_LIBRARY = "libc++";
				CLANG_ENABLE_MODULES = YES;
				CLANG_ENABLE_OBJC_ARC = YES;
				CLANG_WARN_BLOCK_CAPTURE_AUTORELEASING = YES;
				CLANG_WARN_BOOL_CONVERSION = YES;
				CLANG_WARN_COMMA = YES;
				CLANG_WARN_CONSTANT_CONVERSION = YES;
				CLANG_WARN_DIRECT_OBJC_ISA_USAGE = YES_ERROR;
				CLANG_WARN_DOCUMENTATION_COMMENTS = YES;
				CLANG_WARN_EMPTY_BODY = YES;
				CLANG_WARN_ENUM_CONVERSION = YES;
				CLANG_WARN_INFINITE_RECURSION = YES;
				CLANG_WARN_INT_CONVERSION = YES;
				CLANG_WARN_NON_LITERAL_NULL_CONVERSION = YES;
				CLANG_WARN_OBJC_LITERAL_CONVERSION = YES;
				CLANG_WARN_OBJC_ROOT_CLASS = YES_ERROR;
				CLANG_WARN_RANGE_LOOP_ANALYSIS = YES;
				CLANG_WARN_STRICT_PROTOTYPES = YES;
				CLANG_WARN_SUSPICIOUS_MOVE = YES;
				CLANG_WARN_UNREACHABLE_CODE = YES;
				CLANG_WARN__DUPLICATE_METHOD_MATCH = YES;
				"CODE_SIGN_IDENTITY[sdk=iphoneos*]" = "iPhone Developer";
				COPY_PHASE_STRIP = NO;
				DEBUG_INFORMATION_FORMAT = "dwarf-with-dsym";
				ENABLE_NS_ASSERTIONS = NO;
				ENABLE_STRICT_OBJC_MSGSEND = YES;
				GCC_C_LANGUAGE_STANDARD = gnu99;
				GCC_NO_COMMON_BLOCKS = YES;
				GCC_WARN_64_TO_32_BIT_CONVERSION = YES;
				GCC_WARN_ABOUT_RETURN_TYPE = YES_ERROR;
				GCC_WARN_UNDECLARED_SELECTOR = YES;
				GCC_WARN_UNINITIALIZED_AUTOS = YES_AGGRESSIVE;
				GCC_WARN_UNUSED_FUNCTION = YES;
				GCC_WARN_UNUSED_VARIABLE = YES;
				IPHONEOS_DEPLOYMENT_TARGET = 10.2;
				MTL_ENABLE_DEBUG_INFO = NO;
				SDKROOT = iphoneos;
				SWIFT_OPTIMIZATION_LEVEL = "-Owholemodule";
				TARGETED_DEVICE_FAMILY = "1,2";
				VALIDATE_PRODUCT = YES;
			};
			name = Release;
		};
		7A99D1DA1EE683EF005988DD /* Debug */ = {
			isa = XCBuildConfiguration;
			buildSettings = {
				ASSETCATALOG_COMPILER_APPICON_NAME = AppIcon;
				DEVELOPMENT_TEAM = GE52T476WJ;
				INFOPLIST_FILE = Coup/Info.plist;
				IPHONEOS_DEPLOYMENT_TARGET = 9.3;
				LD_RUNPATH_SEARCH_PATHS = "$(inherited) @executable_path/Frameworks";
				PRODUCT_BUNDLE_IDENTIFIER = com.jacksonjude.CoupCards;
				PRODUCT_NAME = "$(TARGET_NAME)";
				SWIFT_VERSION = 4.0;
				TARGETED_DEVICE_FAMILY = 1;
			};
			name = Debug;
		};
		7A99D1DB1EE683EF005988DD /* Release */ = {
			isa = XCBuildConfiguration;
			buildSettings = {
				ASSETCATALOG_COMPILER_APPICON_NAME = AppIcon;
				DEVELOPMENT_TEAM = GE52T476WJ;
				INFOPLIST_FILE = Coup/Info.plist;
				IPHONEOS_DEPLOYMENT_TARGET = 9.3;
				LD_RUNPATH_SEARCH_PATHS = "$(inherited) @executable_path/Frameworks";
				PRODUCT_BUNDLE_IDENTIFIER = com.jacksonjude.CoupCards;
				PRODUCT_NAME = "$(TARGET_NAME)";
				SWIFT_VERSION = 4.0;
				TARGETED_DEVICE_FAMILY = 1;
			};
			name = Release;
		};
/* End XCBuildConfiguration section */

/* Begin XCConfigurationList section */
		7A99D1C21EE683EF005988DD /* Build configuration list for PBXProject "Coup" */ = {
			isa = XCConfigurationList;
			buildConfigurations = (
				7A99D1D71EE683EF005988DD /* Debug */,
				7A99D1D81EE683EF005988DD /* Release */,
			);
			defaultConfigurationIsVisible = 0;
			defaultConfigurationName = Release;
		};
		7A99D1D91EE683EF005988DD /* Build configuration list for PBXNativeTarget "Coup" */ = {
			isa = XCConfigurationList;
			buildConfigurations = (
				7A99D1DA1EE683EF005988DD /* Debug */,
				7A99D1DB1EE683EF005988DD /* Release */,
			);
			defaultConfigurationIsVisible = 0;
			defaultConfigurationName = Release;
		};
/* End XCConfigurationList section */
	};
	rootObject = 7A99D1BF1EE683EF005988DD /* Project object */;
}
